
Microsoft Visual Studio Solution File, Format Version 12.00
# Visual Studio 2012
Project("{FAE04EC0-301F-11D3-BF4B-00C04F79EFBC}") = "Landmark", "app\Landmark.csproj", "{373396AE-2A9E-463B-884A-0BA7CA248D67}"
EndProject
Global
	GlobalSection(SolutionConfigurationPlatforms) = preSolution
		Debug|Any CPU = Debug|Any CPU
		DEV|Any CPU = DEV|Any CPU
		Release|Any CPU = Release|Any CPU
		UAT|Any CPU = UAT|Any CPU
	EndGlobalSection
	GlobalSection(ProjectConfigurationPlatforms) = postSolution
		{373396AE-2A9E-463B-884A-0BA7CA248D67}.Debug|Any CPU.ActiveCfg = Debug|Any CPU
		{373396AE-2A9E-463B-884A-0BA7CA248D67}.Debug|Any CPU.Build.0 = Debug|Any CPU
		{373396AE-2A9E-463B-884A-0BA7CA248D67}.DEV|Any CPU.ActiveCfg = DEV|Any CPU
		{373396AE-2A9E-463B-884A-0BA7CA248D67}.DEV|Any CPU.Build.0 = DEV|Any CPU
		{373396AE-2A9E-463B-884A-0BA7CA248D67}.Release|Any CPU.ActiveCfg = Release|Any CPU
		{373396AE-2A9E-463B-884A-0BA7CA248D67}.Release|Any CPU.Build.0 = Release|Any CPU
		{373396AE-2A9E-463B-884A-0BA7CA248D67}.UAT|Any CPU.ActiveCfg = UAT|Any CPU
		{373396AE-2A9E-463B-884A-0BA7CA248D67}.UAT|Any CPU.Build.0 = UAT|Any CPU
	EndGlobalSection
	GlobalSection(SolutionProperties) = preSolution
		HideSolutionNode = FALSE
	EndGlobalSection
EndGlobal
