
Microsoft Visual Studio Solution File, Format Version 12.00
# Visual Studio 2012
Project("{FAE04EC0-301F-11D3-BF4B-00C04F79EFBC}") = "Landmark.Web", "Landmark.Web\Landmark.Web.csproj", "{646C8010-0D10-4B6A-8485-833808E063B7}"
EndProject
Project("{CAA73BB0-EF22-4D79-A57E-DF67B3BA9C80}") = "Landmark.TDS.Templates", "Landmark.TDS.Templates\Landmark.TDS.Templates.scproj", "{5FA0D201-F8D0-48D5-A9B0-A1B556AE49AF}"
EndProject
Project("{CAA73BB0-EF22-4D79-A57E-DF67B3BA9C80}") = "Landmark.TDS.Content", "Landmark.TDS.Content\Landmark.TDS.Content.scproj", "{96EE0301-308E-4F44-B1B2-B7B56488D8E5}"
EndProject
Project("{CAA73BB0-EF22-4D79-A57E-DF67B3BA9C80}") = "Landmark.TDS.Mis", "Landmark.TDS.Mis\Landmark.TDS.Mis.scproj", "{CF57A13C-76B0-4185-BB28-18E9305D43FE}"
EndProject
Global
	GlobalSection(SolutionConfigurationPlatforms) = preSolution
		Debug|Any CPU = Debug|Any CPU
		Landmark|Any CPU = Landmark|Any CPU
		Release|Any CPU = Release|Any CPU
	EndGlobalSection
	GlobalSection(ProjectConfigurationPlatforms) = postSolution
		{646C8010-0D10-4B6A-8485-833808E063B7}.Debug|Any CPU.ActiveCfg = Debug|Any CPU
		{646C8010-0D10-4B6A-8485-833808E063B7}.Debug|Any CPU.Build.0 = Debug|Any CPU
		{646C8010-0D10-4B6A-8485-833808E063B7}.Landmark|Any CPU.ActiveCfg = Landmark|Any CPU
		{646C8010-0D10-4B6A-8485-833808E063B7}.Landmark|Any CPU.Build.0 = Landmark|Any CPU
		{646C8010-0D10-4B6A-8485-833808E063B7}.Release|Any CPU.ActiveCfg = Release|Any CPU
		{646C8010-0D10-4B6A-8485-833808E063B7}.Release|Any CPU.Build.0 = Release|Any CPU
		{5FA0D201-F8D0-48D5-A9B0-A1B556AE49AF}.Debug|Any CPU.ActiveCfg = Debug|Any CPU
		{5FA0D201-F8D0-48D5-A9B0-A1B556AE49AF}.Debug|Any CPU.Build.0 = Debug|Any CPU
		{5FA0D201-F8D0-48D5-A9B0-A1B556AE49AF}.Debug|Any CPU.Deploy.0 = Debug|Any CPU
		{5FA0D201-F8D0-48D5-A9B0-A1B556AE49AF}.Landmark|Any CPU.ActiveCfg = Landmark|Any CPU
		{5FA0D201-F8D0-48D5-A9B0-A1B556AE49AF}.Landmark|Any CPU.Build.0 = Landmark|Any CPU
		{5FA0D201-F8D0-48D5-A9B0-A1B556AE49AF}.Landmark|Any CPU.Deploy.0 = Landmark|Any CPU
		{5FA0D201-F8D0-48D5-A9B0-A1B556AE49AF}.Release|Any CPU.ActiveCfg = Release|Any CPU
		{5FA0D201-F8D0-48D5-A9B0-A1B556AE49AF}.Release|Any CPU.Build.0 = Release|Any CPU
		{5FA0D201-F8D0-48D5-A9B0-A1B556AE49AF}.Release|Any CPU.Deploy.0 = Release|Any CPU
		{96EE0301-308E-4F44-B1B2-B7B56488D8E5}.Debug|Any CPU.ActiveCfg = Debug|Any CPU
		{96EE0301-308E-4F44-B1B2-B7B56488D8E5}.Debug|Any CPU.Build.0 = Debug|Any CPU
		{96EE0301-308E-4F44-B1B2-B7B56488D8E5}.Debug|Any CPU.Deploy.0 = Debug|Any CPU
		{96EE0301-308E-4F44-B1B2-B7B56488D8E5}.Landmark|Any CPU.ActiveCfg = Landmark|Any CPU
		{96EE0301-308E-4F44-B1B2-B7B56488D8E5}.Landmark|Any CPU.Build.0 = Landmark|Any CPU
		{96EE0301-308E-4F44-B1B2-B7B56488D8E5}.Landmark|Any CPU.Deploy.0 = Landmark|Any CPU
		{96EE0301-308E-4F44-B1B2-B7B56488D8E5}.Release|Any CPU.ActiveCfg = Release|Any CPU
		{96EE0301-308E-4F44-B1B2-B7B56488D8E5}.Release|Any CPU.Build.0 = Release|Any CPU
		{96EE0301-308E-4F44-B1B2-B7B56488D8E5}.Release|Any CPU.Deploy.0 = Release|Any CPU
		{CF57A13C-76B0-4185-BB28-18E9305D43FE}.Debug|Any CPU.ActiveCfg = Debug|Any CPU
		{CF57A13C-76B0-4185-BB28-18E9305D43FE}.Debug|Any CPU.Build.0 = Debug|Any CPU
		{CF57A13C-76B0-4185-BB28-18E9305D43FE}.Debug|Any CPU.Deploy.0 = Debug|Any CPU
		{CF57A13C-76B0-4185-BB28-18E9305D43FE}.Landmark|Any CPU.ActiveCfg = Landmark|Any CPU
		{CF57A13C-76B0-4185-BB28-18E9305D43FE}.Landmark|Any CPU.Build.0 = Landmark|Any CPU
		{CF57A13C-76B0-4185-BB28-18E9305D43FE}.Landmark|Any CPU.Deploy.0 = Landmark|Any CPU
		{CF57A13C-76B0-4185-BB28-18E9305D43FE}.Release|Any CPU.ActiveCfg = Release|Any CPU
		{CF57A13C-76B0-4185-BB28-18E9305D43FE}.Release|Any CPU.Build.0 = Release|Any CPU
		{CF57A13C-76B0-4185-BB28-18E9305D43FE}.Release|Any CPU.Deploy.0 = Release|Any CPU
	EndGlobalSection
	GlobalSection(SolutionProperties) = preSolution
		HideSolutionNode = FALSE
	EndGlobalSection
EndGlobal
